// !$*UTF8*$!
{
	archiveVersion = 1;
	classes = {
	};
	objectVersion = 46;
	objects = {

/* Begin PBXBuildFile section */
		1C62D812D2201803BF2F1251 /* Pods_InstagramData.framework in Frameworks */ = {isa = PBXBuildFile; fileRef = 6DBC6DE40EFF396E390FC784 /* Pods_InstagramData.framework */; };
		8FCDF1AE0215F55532E34FEC /* Pods_InstagramDataTests.framework in Frameworks */ = {isa = PBXBuildFile; fileRef = 1D6B7F9D3971753623240DD4 /* Pods_InstagramDataTests.framework */; };
		B506A08A1E14252500EEA147 /* UserTests.swift in Sources */ = {isa = PBXBuildFile; fileRef = B506A0891E14252500EEA147 /* UserTests.swift */; };
		B506A08C1E14254E00EEA147 /* User.json in Resources */ = {isa = PBXBuildFile; fileRef = B506A08B1E14254E00EEA147 /* User.json */; };
		B506A08E1E14291600EEA147 /* Media.swift in Sources */ = {isa = PBXBuildFile; fileRef = B506A08D1E14291600EEA147 /* Media.swift */; };
		B506A0901E14292600EEA147 /* Media.json in Resources */ = {isa = PBXBuildFile; fileRef = B506A08F1E14292600EEA147 /* Media.json */; };
		B506A0921E14294300EEA147 /* MediaTests.swift in Sources */ = {isa = PBXBuildFile; fileRef = B506A0911E14294300EEA147 /* MediaTests.swift */; };
		B506A0941E142B1400EEA147 /* SwiftyJSONDate.swift in Sources */ = {isa = PBXBuildFile; fileRef = B506A0931E142B1400EEA147 /* SwiftyJSONDate.swift */; };
		B506A0961E142D6300EEA147 /* SwiftyJSONDimensions.swift in Sources */ = {isa = PBXBuildFile; fileRef = B506A0951E142D6300EEA147 /* SwiftyJSONDimensions.swift */; };
		B506A0981E14344600EEA147 /* SwiftyJSONURL.swift in Sources */ = {isa = PBXBuildFile; fileRef = B506A0971E14344600EEA147 /* SwiftyJSONURL.swift */; };
		B50AD9A71E119C9D00F46119 /* InstagramData.framework in Frameworks */ = {isa = PBXBuildFile; fileRef = B50AD99D1E119C9D00F46119 /* InstagramData.framework */; };
		B50AD9AE1E119C9D00F46119 /* InstagramData.h in Headers */ = {isa = PBXBuildFile; fileRef = B50AD9A01E119C9D00F46119 /* InstagramData.h */; settings = {ATTRIBUTES = (Public, ); }; };
		B50AD9E51E14123A00F46119 /* User.swift in Sources */ = {isa = PBXBuildFile; fileRef = B50AD9E41E14123A00F46119 /* User.swift */; };
		B51D7B2D1E15E5B000DF5599 /* APIResponse.swift in Sources */ = {isa = PBXBuildFile; fileRef = B51D7B2C1E15E5B000DF5599 /* APIResponse.swift */; };
		B51D7B301E15E5D200DF5599 /* HTTPConnection.swift in Sources */ = {isa = PBXBuildFile; fileRef = B51D7B2F1E15E5D200DF5599 /* HTTPConnection.swift */; };
		B51D7B321E15E5F100DF5599 /* APIConnectionRequestBuilder.swift in Sources */ = {isa = PBXBuildFile; fileRef = B51D7B311E15E5F100DF5599 /* APIConnectionRequestBuilder.swift */; };
		B51D7B341E15E60E00DF5599 /* APIConnection.swift in Sources */ = {isa = PBXBuildFile; fileRef = B51D7B331E15E60E00DF5599 /* APIConnection.swift */; };
		B51D7B381E15E66E00DF5599 /* AuthManager.swift in Sources */ = {isa = PBXBuildFile; fileRef = B51D7B371E15E66E00DF5599 /* AuthManager.swift */; };
		B51D7B3A1E15E6A800DF5599 /* InstagramData.swift in Sources */ = {isa = PBXBuildFile; fileRef = B51D7B391E15E6A800DF5599 /* InstagramData.swift */; };
		B51D7B401E15F04200DF5599 /* FeedManager.swift in Sources */ = {isa = PBXBuildFile; fileRef = B51D7B3F1E15F04200DF5599 /* FeedManager.swift */; };
		B53693281E144637000246A7 /* UserFetcher.swift in Sources */ = {isa = PBXBuildFile; fileRef = B53693271E144637000246A7 /* UserFetcher.swift */; };
		B53693331E15502D000246A7 /* APICommunicator.swift in Sources */ = {isa = PBXBuildFile; fileRef = B53693321E15502D000246A7 /* APICommunicator.swift */; };
		B54EBEA81E167D4E001BB53C /* SwiftyJSONDateTests.swift in Sources */ = {isa = PBXBuildFile; fileRef = B54EBEA71E167D4D001BB53C /* SwiftyJSONDateTests.swift */; };
		B54EBEAB1E168110001BB53C /* SwiftyJSONDimensionsTests.swift in Sources */ = {isa = PBXBuildFile; fileRef = B54EBEAA1E168110001BB53C /* SwiftyJSONDimensionsTests.swift */; };
		B54EBEAD1E168554001BB53C /* SwiftyJSONURLTests.swift in Sources */ = {isa = PBXBuildFile; fileRef = B54EBEAC1E168554001BB53C /* SwiftyJSONURLTests.swift */; };
		B54EBEAF1E1687D9001BB53C /* APIResponseTests.swift in Sources */ = {isa = PBXBuildFile; fileRef = B54EBEAE1E1687D9001BB53C /* APIResponseTests.swift */; };
		B54EBEB21E168B73001BB53C /* MockURLSession.swift in Sources */ = {isa = PBXBuildFile; fileRef = B54EBEB01E168AEC001BB53C /* MockURLSession.swift */; };
		B54EBEB41E168CA7001BB53C /* HTTPConnectionTests.swift in Sources */ = {isa = PBXBuildFile; fileRef = B54EBEB31E168CA7001BB53C /* HTTPConnectionTests.swift */; };
		B54EBEB61E16953B001BB53C /* APIConnectionRequestBuilderTests.swift in Sources */ = {isa = PBXBuildFile; fileRef = B54EBEB51E16953B001BB53C /* APIConnectionRequestBuilderTests.swift */; };
		B54EBEB81E1697CD001BB53C /* APIConnectionTests.swift in Sources */ = {isa = PBXBuildFile; fileRef = B54EBEB71E1697CD001BB53C /* APIConnectionTests.swift */; };
		B54EBEBA1E16B63C001BB53C /* APICommunicatorTests.swift in Sources */ = {isa = PBXBuildFile; fileRef = B54EBEB91E16B63C001BB53C /* APICommunicatorTests.swift */; };
		B54EBEBC1E16B660001BB53C /* MockAPIConnection.swift in Sources */ = {isa = PBXBuildFile; fileRef = B54EBEBB1E16B660001BB53C /* MockAPIConnection.swift */; };
		B5AC74CF1E14359E0042D21D /* MediaItem.json in Resources */ = {isa = PBXBuildFile; fileRef = B5AC74CE1E14359E0042D21D /* MediaItem.json */; };
/* End PBXBuildFile section */

/* Begin PBXContainerItemProxy section */
		B50AD9A81E119C9D00F46119 /* PBXContainerItemProxy */ = {
			isa = PBXContainerItemProxy;
			containerPortal = B50AD9941E119C9D00F46119 /* Project object */;
			proxyType = 1;
			remoteGlobalIDString = B50AD99C1E119C9D00F46119;
			remoteInfo = InstagramData;
		};
		B53692FE1E1438E0000246A7 /* PBXContainerItemProxy */ = {
			isa = PBXContainerItemProxy;
			containerPortal = B53692F91E1438E0000246A7 /* SwiftToolbox.xcodeproj */;
			proxyType = 2;
			remoteGlobalIDString = B50AD9551E11957500F46119;
			remoteInfo = SwiftToolbox;
		};
		B53693001E1438E0000246A7 /* PBXContainerItemProxy */ = {
			isa = PBXContainerItemProxy;
			containerPortal = B53692F91E1438E0000246A7 /* SwiftToolbox.xcodeproj */;
			proxyType = 2;
			remoteGlobalIDString = B50AD95E1E11957500F46119;
			remoteInfo = SwiftToolboxTests;
		};
		B53693021E1438E3000246A7 /* PBXContainerItemProxy */ = {
			isa = PBXContainerItemProxy;
			containerPortal = B53692F91E1438E0000246A7 /* SwiftToolbox.xcodeproj */;
			proxyType = 1;
			remoteGlobalIDString = B50AD9541E11957500F46119;
			remoteInfo = SwiftToolbox;
		};
/* End PBXContainerItemProxy section */

/* Begin PBXFileReference section */
		1D6B7F9D3971753623240DD4 /* Pods_InstagramDataTests.framework */ = {isa = PBXFileReference; explicitFileType = wrapper.framework; includeInIndex = 0; path = Pods_InstagramDataTests.framework; sourceTree = BUILT_PRODUCTS_DIR; };
		4F4CDD49E24E970BDC914213 /* Pods-InstagramData.release.xcconfig */ = {isa = PBXFileReference; includeInIndex = 1; lastKnownFileType = text.xcconfig; name = "Pods-InstagramData.release.xcconfig"; path = "../InstagramApp/Pods/Target Support Files/Pods-InstagramData/Pods-InstagramData.release.xcconfig"; sourceTree = "<group>"; };
		6DBC6DE40EFF396E390FC784 /* Pods_InstagramData.framework */ = {isa = PBXFileReference; explicitFileType = wrapper.framework; includeInIndex = 0; path = Pods_InstagramData.framework; sourceTree = BUILT_PRODUCTS_DIR; };
		B506A0881E14252500EEA147 /* InstagramDataTests-Bridging-Header.h */ = {isa = PBXFileReference; lastKnownFileType = sourcecode.c.h; path = "InstagramDataTests-Bridging-Header.h"; sourceTree = "<group>"; };
		B506A0891E14252500EEA147 /* UserTests.swift */ = {isa = PBXFileReference; fileEncoding = 4; lastKnownFileType = sourcecode.swift; path = UserTests.swift; sourceTree = "<group>"; };
		B506A08B1E14254E00EEA147 /* User.json */ = {isa = PBXFileReference; fileEncoding = 4; lastKnownFileType = text.json; path = User.json; sourceTree = "<group>"; };
		B506A08D1E14291600EEA147 /* Media.swift */ = {isa = PBXFileReference; fileEncoding = 4; lastKnownFileType = sourcecode.swift; path = Media.swift; sourceTree = "<group>"; };
		B506A08F1E14292600EEA147 /* Media.json */ = {isa = PBXFileReference; fileEncoding = 4; lastKnownFileType = text.json; path = Media.json; sourceTree = "<group>"; };
		B506A0911E14294300EEA147 /* MediaTests.swift */ = {isa = PBXFileReference; fileEncoding = 4; lastKnownFileType = sourcecode.swift; path = MediaTests.swift; sourceTree = "<group>"; };
		B506A0931E142B1400EEA147 /* SwiftyJSONDate.swift */ = {isa = PBXFileReference; fileEncoding = 4; lastKnownFileType = sourcecode.swift; path = SwiftyJSONDate.swift; sourceTree = "<group>"; };
		B506A0951E142D6300EEA147 /* SwiftyJSONDimensions.swift */ = {isa = PBXFileReference; fileEncoding = 4; lastKnownFileType = sourcecode.swift; path = SwiftyJSONDimensions.swift; sourceTree = "<group>"; };
		B506A0971E14344600EEA147 /* SwiftyJSONURL.swift */ = {isa = PBXFileReference; fileEncoding = 4; lastKnownFileType = sourcecode.swift; path = SwiftyJSONURL.swift; sourceTree = "<group>"; };
		B50AD99D1E119C9D00F46119 /* InstagramData.framework */ = {isa = PBXFileReference; explicitFileType = wrapper.framework; includeInIndex = 0; path = InstagramData.framework; sourceTree = BUILT_PRODUCTS_DIR; };
		B50AD9A01E119C9D00F46119 /* InstagramData.h */ = {isa = PBXFileReference; lastKnownFileType = sourcecode.c.h; path = InstagramData.h; sourceTree = "<group>"; };
		B50AD9A11E119C9D00F46119 /* Info.plist */ = {isa = PBXFileReference; lastKnownFileType = text.plist.xml; path = Info.plist; sourceTree = "<group>"; };
		B50AD9A61E119C9D00F46119 /* InstagramDataTests.xctest */ = {isa = PBXFileReference; explicitFileType = wrapper.cfbundle; includeInIndex = 0; path = InstagramDataTests.xctest; sourceTree = BUILT_PRODUCTS_DIR; };
		B50AD9AD1E119C9D00F46119 /* Info.plist */ = {isa = PBXFileReference; lastKnownFileType = text.plist.xml; path = Info.plist; sourceTree = "<group>"; };
		B50AD9E41E14123A00F46119 /* User.swift */ = {isa = PBXFileReference; fileEncoding = 4; lastKnownFileType = sourcecode.swift; path = User.swift; sourceTree = "<group>"; };
		B51D7B2C1E15E5B000DF5599 /* APIResponse.swift */ = {isa = PBXFileReference; fileEncoding = 4; lastKnownFileType = sourcecode.swift; path = APIResponse.swift; sourceTree = "<group>"; };
		B51D7B2F1E15E5D200DF5599 /* HTTPConnection.swift */ = {isa = PBXFileReference; fileEncoding = 4; lastKnownFileType = sourcecode.swift; path = HTTPConnection.swift; sourceTree = "<group>"; };
		B51D7B311E15E5F100DF5599 /* APIConnectionRequestBuilder.swift */ = {isa = PBXFileReference; fileEncoding = 4; lastKnownFileType = sourcecode.swift; path = APIConnectionRequestBuilder.swift; sourceTree = "<group>"; };
		B51D7B331E15E60E00DF5599 /* APIConnection.swift */ = {isa = PBXFileReference; fileEncoding = 4; lastKnownFileType = sourcecode.swift; path = APIConnection.swift; sourceTree = "<group>"; };
		B51D7B371E15E66E00DF5599 /* AuthManager.swift */ = {isa = PBXFileReference; fileEncoding = 4; lastKnownFileType = sourcecode.swift; path = AuthManager.swift; sourceTree = "<group>"; };
		B51D7B391E15E6A800DF5599 /* InstagramData.swift */ = {isa = PBXFileReference; fileEncoding = 4; lastKnownFileType = sourcecode.swift; path = InstagramData.swift; sourceTree = "<group>"; };
		B51D7B3F1E15F04200DF5599 /* FeedManager.swift */ = {isa = PBXFileReference; fileEncoding = 4; lastKnownFileType = sourcecode.swift; path = FeedManager.swift; sourceTree = "<group>"; };
		B53692F91E1438E0000246A7 /* SwiftToolbox.xcodeproj */ = {isa = PBXFileReference; lastKnownFileType = "wrapper.pb-project"; name = SwiftToolbox.xcodeproj; path = "/Users/ben/PersonalDocuments/iPhone Dev/Instagram/InstagramApp/../Submodules/SwiftToolbox/SwiftToolbox.xcodeproj"; sourceTree = "<absolute>"; };
		B53693271E144637000246A7 /* UserFetcher.swift */ = {isa = PBXFileReference; fileEncoding = 4; lastKnownFileType = sourcecode.swift; path = UserFetcher.swift; sourceTree = "<group>"; };
		B53693321E15502D000246A7 /* APICommunicator.swift */ = {isa = PBXFileReference; fileEncoding = 4; lastKnownFileType = sourcecode.swift; path = APICommunicator.swift; sourceTree = "<group>"; };
		B54EBEA71E167D4D001BB53C /* SwiftyJSONDateTests.swift */ = {isa = PBXFileReference; fileEncoding = 4; lastKnownFileType = sourcecode.swift; path = SwiftyJSONDateTests.swift; sourceTree = "<group>"; };
		B54EBEAA1E168110001BB53C /* SwiftyJSONDimensionsTests.swift */ = {isa = PBXFileReference; fileEncoding = 4; lastKnownFileType = sourcecode.swift; path = SwiftyJSONDimensionsTests.swift; sourceTree = "<group>"; };
		B54EBEAC1E168554001BB53C /* SwiftyJSONURLTests.swift */ = {isa = PBXFileReference; fileEncoding = 4; lastKnownFileType = sourcecode.swift; path = SwiftyJSONURLTests.swift; sourceTree = "<group>"; };
		B54EBEAE1E1687D9001BB53C /* APIResponseTests.swift */ = {isa = PBXFileReference; fileEncoding = 4; lastKnownFileType = sourcecode.swift; path = APIResponseTests.swift; sourceTree = "<group>"; };
		B54EBEB01E168AEC001BB53C /* MockURLSession.swift */ = {isa = PBXFileReference; fileEncoding = 4; lastKnownFileType = sourcecode.swift; path = MockURLSession.swift; sourceTree = "<group>"; };
		B54EBEB31E168CA7001BB53C /* HTTPConnectionTests.swift */ = {isa = PBXFileReference; fileEncoding = 4; lastKnownFileType = sourcecode.swift; path = HTTPConnectionTests.swift; sourceTree = "<group>"; };
		B54EBEB51E16953B001BB53C /* APIConnectionRequestBuilderTests.swift */ = {isa = PBXFileReference; fileEncoding = 4; lastKnownFileType = sourcecode.swift; path = APIConnectionRequestBuilderTests.swift; sourceTree = "<group>"; };
		B54EBEB71E1697CD001BB53C /* APIConnectionTests.swift */ = {isa = PBXFileReference; fileEncoding = 4; lastKnownFileType = sourcecode.swift; path = APIConnectionTests.swift; sourceTree = "<group>"; };
		B54EBEB91E16B63C001BB53C /* APICommunicatorTests.swift */ = {isa = PBXFileReference; fileEncoding = 4; lastKnownFileType = sourcecode.swift; path = APICommunicatorTests.swift; sourceTree = "<group>"; };
		B54EBEBB1E16B660001BB53C /* MockAPIConnection.swift */ = {isa = PBXFileReference; fileEncoding = 4; lastKnownFileType = sourcecode.swift; path = MockAPIConnection.swift; sourceTree = "<group>"; };
		B5AC74CE1E14359E0042D21D /* MediaItem.json */ = {isa = PBXFileReference; fileEncoding = 4; lastKnownFileType = text.json; path = MediaItem.json; sourceTree = "<group>"; };
		B70CF493509CE7EF3CA3F4A2 /* Pods-InstagramData.debug.xcconfig */ = {isa = PBXFileReference; includeInIndex = 1; lastKnownFileType = text.xcconfig; name = "Pods-InstagramData.debug.xcconfig"; path = "../InstagramApp/Pods/Target Support Files/Pods-InstagramData/Pods-InstagramData.debug.xcconfig"; sourceTree = "<group>"; };
		E084B2E333B307E0B0489C2A /* Pods-InstagramDataTests.debug.xcconfig */ = {isa = PBXFileReference; includeInIndex = 1; lastKnownFileType = text.xcconfig; name = "Pods-InstagramDataTests.debug.xcconfig"; path = "../InstagramApp/Pods/Target Support Files/Pods-InstagramDataTests/Pods-InstagramDataTests.debug.xcconfig"; sourceTree = "<group>"; };
		F9C15D4746385A879DC34375 /* Pods-InstagramDataTests.release.xcconfig */ = {isa = PBXFileReference; includeInIndex = 1; lastKnownFileType = text.xcconfig; name = "Pods-InstagramDataTests.release.xcconfig"; path = "../InstagramApp/Pods/Target Support Files/Pods-InstagramDataTests/Pods-InstagramDataTests.release.xcconfig"; sourceTree = "<group>"; };
/* End PBXFileReference section */

/* Begin PBXFrameworksBuildPhase section */
		B50AD9991E119C9D00F46119 /* Frameworks */ = {
			isa = PBXFrameworksBuildPhase;
			buildActionMask = 2147483647;
			files = (
				1C62D812D2201803BF2F1251 /* Pods_InstagramData.framework in Frameworks */,
			);
			runOnlyForDeploymentPostprocessing = 0;
		};
		B50AD9A31E119C9D00F46119 /* Frameworks */ = {
			isa = PBXFrameworksBuildPhase;
			buildActionMask = 2147483647;
			files = (
				B50AD9A71E119C9D00F46119 /* InstagramData.framework in Frameworks */,
				8FCDF1AE0215F55532E34FEC /* Pods_InstagramDataTests.framework in Frameworks */,
			);
			runOnlyForDeploymentPostprocessing = 0;
		};
/* End PBXFrameworksBuildPhase section */

/* Begin PBXGroup section */
		2BC6E0C49BF7B4D8D5C8836D /* Frameworks */ = {
			isa = PBXGroup;
			children = (
				B53692F81E1438D3000246A7 /* Subprojects */,
				6DBC6DE40EFF396E390FC784 /* Pods_InstagramData.framework */,
				1D6B7F9D3971753623240DD4 /* Pods_InstagramDataTests.framework */,
			);
			name = Frameworks;
			sourceTree = "<group>";
		};
		90CA81371196C7684C848DAF /* Pods */ = {
			isa = PBXGroup;
			children = (
				B70CF493509CE7EF3CA3F4A2 /* Pods-InstagramData.debug.xcconfig */,
				4F4CDD49E24E970BDC914213 /* Pods-InstagramData.release.xcconfig */,
				E084B2E333B307E0B0489C2A /* Pods-InstagramDataTests.debug.xcconfig */,
				F9C15D4746385A879DC34375 /* Pods-InstagramDataTests.release.xcconfig */,
			);
			name = Pods;
			sourceTree = "<group>";
		};
		B50AD9931E119C9D00F46119 = {
			isa = PBXGroup;
			children = (
				B50AD99F1E119C9D00F46119 /* InstagramData */,
				B50AD9AA1E119C9D00F46119 /* InstagramDataTests */,
				B50AD99E1E119C9D00F46119 /* Products */,
				90CA81371196C7684C848DAF /* Pods */,
				2BC6E0C49BF7B4D8D5C8836D /* Frameworks */,
			);
			sourceTree = "<group>";
		};
		B50AD99E1E119C9D00F46119 /* Products */ = {
			isa = PBXGroup;
			children = (
				B50AD99D1E119C9D00F46119 /* InstagramData.framework */,
				B50AD9A61E119C9D00F46119 /* InstagramDataTests.xctest */,
			);
			name = Products;
			sourceTree = "<group>";
		};
		B50AD99F1E119C9D00F46119 /* InstagramData */ = {
			isa = PBXGroup;
			children = (
				B50AD9A01E119C9D00F46119 /* InstagramData.h */,
				B50AD9A11E119C9D00F46119 /* Info.plist */,
				B51D7B391E15E6A800DF5599 /* InstagramData.swift */,
				B51D7B3B1E15E6B200DF5599 /* Models */,
				B51D7B361E15E63C00DF5599 /* Managers */,
				B51D7B351E15E61900DF5599 /* Networking */,
			);
			path = InstagramData;
			sourceTree = "<group>";
		};
		B50AD9AA1E119C9D00F46119 /* InstagramDataTests */ = {
			isa = PBXGroup;
			children = (
				B506A0881E14252500EEA147 /* InstagramDataTests-Bridging-Header.h */,
				B506A08B1E14254E00EEA147 /* User.json */,
				B506A08F1E14292600EEA147 /* Media.json */,
				B5AC74CE1E14359E0042D21D /* MediaItem.json */,
				B50AD9AD1E119C9D00F46119 /* Info.plist */,
			);
			path = InstagramDataTests;
			sourceTree = "<group>";
		};
		B51D7B351E15E61900DF5599 /* Networking */ = {
			isa = PBXGroup;
			children = (
				B53693321E15502D000246A7 /* APICommunicator.swift */,
				B54EBEB91E16B63C001BB53C /* APICommunicatorTests.swift */,
				B54EBEBB1E16B660001BB53C /* MockAPIConnection.swift */,
				B51D7B331E15E60E00DF5599 /* APIConnection.swift */,
				B54EBEB71E1697CD001BB53C /* APIConnectionTests.swift */,
				B51D7B311E15E5F100DF5599 /* APIConnectionRequestBuilder.swift */,
				B54EBEB51E16953B001BB53C /* APIConnectionRequestBuilderTests.swift */,
				B51D7B2F1E15E5D200DF5599 /* HTTPConnection.swift */,
				B54EBEB31E168CA7001BB53C /* HTTPConnectionTests.swift */,
				B54EBEB01E168AEC001BB53C /* MockURLSession.swift */,
				B51D7B2C1E15E5B000DF5599 /* APIResponse.swift */,
				B54EBEAE1E1687D9001BB53C /* APIResponseTests.swift */,
			);
			name = Networking;
			sourceTree = "<group>";
		};
		B51D7B361E15E63C00DF5599 /* Managers */ = {
			isa = PBXGroup;
			children = (
				B51D7B371E15E66E00DF5599 /* AuthManager.swift */,
				B51D7B3F1E15F04200DF5599 /* FeedManager.swift */,
			);
			name = Managers;
			sourceTree = "<group>";
		};
		B51D7B3B1E15E6B200DF5599 /* Models */ = {
			isa = PBXGroup;
			children = (
				B53693271E144637000246A7 /* UserFetcher.swift */,
				B50AD9E41E14123A00F46119 /* User.swift */,
				B506A0891E14252500EEA147 /* UserTests.swift */,
				B506A08D1E14291600EEA147 /* Media.swift */,
				B506A0911E14294300EEA147 /* MediaTests.swift */,
				B506A0931E142B1400EEA147 /* SwiftyJSONDate.swift */,
				B54EBEA71E167D4D001BB53C /* SwiftyJSONDateTests.swift */,
				B506A0951E142D6300EEA147 /* SwiftyJSONDimensions.swift */,
				B54EBEAA1E168110001BB53C /* SwiftyJSONDimensionsTests.swift */,
				B506A0971E14344600EEA147 /* SwiftyJSONURL.swift */,
				B54EBEAC1E168554001BB53C /* SwiftyJSONURLTests.swift */,
			);
			name = Models;
			sourceTree = "<group>";
		};
		B53692F81E1438D3000246A7 /* Subprojects */ = {
			isa = PBXGroup;
			children = (
				B53692F91E1438E0000246A7 /* SwiftToolbox.xcodeproj */,
			);
			name = Subprojects;
			sourceTree = "<group>";
		};
		B53692FA1E1438E0000246A7 /* Products */ = {
			isa = PBXGroup;
			children = (
				B53692FF1E1438E0000246A7 /* SwiftToolbox.framework */,
				B53693011E1438E0000246A7 /* SwiftToolboxTests.xctest */,
			);
			name = Products;
			sourceTree = "<group>";
		};
/* End PBXGroup section */

/* Begin PBXHeadersBuildPhase section */
		B50AD99A1E119C9D00F46119 /* Headers */ = {
			isa = PBXHeadersBuildPhase;
			buildActionMask = 2147483647;
			files = (
				B50AD9AE1E119C9D00F46119 /* InstagramData.h in Headers */,
			);
			runOnlyForDeploymentPostprocessing = 0;
		};
/* End PBXHeadersBuildPhase section */

/* Begin PBXNativeTarget section */
		B50AD99C1E119C9D00F46119 /* InstagramData */ = {
			isa = PBXNativeTarget;
			buildConfigurationList = B50AD9B11E119C9D00F46119 /* Build configuration list for PBXNativeTarget "InstagramData" */;
			buildPhases = (
				84C8C2622701BE1DC287868C /* [CP] Check Pods Manifest.lock */,
				B50AD9981E119C9D00F46119 /* Sources */,
				B50AD9991E119C9D00F46119 /* Frameworks */,
				B50AD99A1E119C9D00F46119 /* Headers */,
				B50AD99B1E119C9D00F46119 /* Resources */,
				C951EE9D2662311D6CBC22AF /* [CP] Copy Pods Resources */,
			);
			buildRules = (
			);
			dependencies = (
				B53693031E1438E3000246A7 /* PBXTargetDependency */,
			);
			name = InstagramData;
			productName = InstagramData;
			productReference = B50AD99D1E119C9D00F46119 /* InstagramData.framework */;
			productType = "com.apple.product-type.framework";
		};
		B50AD9A51E119C9D00F46119 /* InstagramDataTests */ = {
			isa = PBXNativeTarget;
			buildConfigurationList = B50AD9B41E119C9D00F46119 /* Build configuration list for PBXNativeTarget "InstagramDataTests" */;
			buildPhases = (
				389777B872110573CEA8110A /* [CP] Check Pods Manifest.lock */,
				B50AD9A21E119C9D00F46119 /* Sources */,
				B50AD9A31E119C9D00F46119 /* Frameworks */,
				B50AD9A41E119C9D00F46119 /* Resources */,
				DA26B304761E914FBCE2288F /* [CP] Embed Pods Frameworks */,
				3CA3ADC0A359A1C595136C2D /* [CP] Copy Pods Resources */,
			);
			buildRules = (
			);
			dependencies = (
				B50AD9A91E119C9D00F46119 /* PBXTargetDependency */,
			);
			name = InstagramDataTests;
			productName = InstagramDataTests;
			productReference = B50AD9A61E119C9D00F46119 /* InstagramDataTests.xctest */;
			productType = "com.apple.product-type.bundle.unit-test";
		};
/* End PBXNativeTarget section */

/* Begin PBXProject section */
		B50AD9941E119C9D00F46119 /* Project object */ = {
			isa = PBXProject;
			attributes = {
				LastSwiftUpdateCheck = 0820;
				LastUpgradeCheck = 0820;
				ORGANIZATIONNAME = bendavisapps;
				TargetAttributes = {
					B50AD99C1E119C9D00F46119 = {
						CreatedOnToolsVersion = 8.2.1;
						DevelopmentTeam = 5XMV2GP24E;
						LastSwiftMigration = 0820;
						ProvisioningStyle = Automatic;
					};
					B50AD9A51E119C9D00F46119 = {
						CreatedOnToolsVersion = 8.2.1;
						DevelopmentTeam = 5XMV2GP24E;
						LastSwiftMigration = 0820;
						ProvisioningStyle = Automatic;
					};
				};
			};
			buildConfigurationList = B50AD9971E119C9D00F46119 /* Build configuration list for PBXProject "InstagramData" */;
			compatibilityVersion = "Xcode 3.2";
			developmentRegion = English;
			hasScannedForEncodings = 0;
			knownRegions = (
				en,
			);
			mainGroup = B50AD9931E119C9D00F46119;
			productRefGroup = B50AD99E1E119C9D00F46119 /* Products */;
			projectDirPath = "";
			projectReferences = (
				{
					ProductGroup = B53692FA1E1438E0000246A7 /* Products */;
					ProjectRef = B53692F91E1438E0000246A7 /* SwiftToolbox.xcodeproj */;
				},
			);
			projectRoot = "";
			targets = (
				B50AD99C1E119C9D00F46119 /* InstagramData */,
				B50AD9A51E119C9D00F46119 /* InstagramDataTests */,
			);
		};
/* End PBXProject section */

/* Begin PBXReferenceProxy section */
		B53692FF1E1438E0000246A7 /* SwiftToolbox.framework */ = {
			isa = PBXReferenceProxy;
			fileType = wrapper.framework;
			path = SwiftToolbox.framework;
			remoteRef = B53692FE1E1438E0000246A7 /* PBXContainerItemProxy */;
			sourceTree = BUILT_PRODUCTS_DIR;
		};
		B53693011E1438E0000246A7 /* SwiftToolboxTests.xctest */ = {
			isa = PBXReferenceProxy;
			fileType = wrapper.cfbundle;
			path = SwiftToolboxTests.xctest;
			remoteRef = B53693001E1438E0000246A7 /* PBXContainerItemProxy */;
			sourceTree = BUILT_PRODUCTS_DIR;
		};
/* End PBXReferenceProxy section */

/* Begin PBXResourcesBuildPhase section */
		B50AD99B1E119C9D00F46119 /* Resources */ = {
			isa = PBXResourcesBuildPhase;
			buildActionMask = 2147483647;
			files = (
			);
			runOnlyForDeploymentPostprocessing = 0;
		};
		B50AD9A41E119C9D00F46119 /* Resources */ = {
			isa = PBXResourcesBuildPhase;
			buildActionMask = 2147483647;
			files = (
				B5AC74CF1E14359E0042D21D /* MediaItem.json in Resources */,
				B506A0901E14292600EEA147 /* Media.json in Resources */,
				B506A08C1E14254E00EEA147 /* User.json in Resources */,
			);
			runOnlyForDeploymentPostprocessing = 0;
		};
/* End PBXResourcesBuildPhase section */

/* Begin PBXShellScriptBuildPhase section */
		389777B872110573CEA8110A /* [CP] Check Pods Manifest.lock */ = {
			isa = PBXShellScriptBuildPhase;
			buildActionMask = 2147483647;
			files = (
			);
			inputPaths = (
			);
			name = "[CP] Check Pods Manifest.lock";
			outputPaths = (
			);
			runOnlyForDeploymentPostprocessing = 0;
			shellPath = /bin/sh;
			shellScript = "diff \"${PODS_ROOT}/../Podfile.lock\" \"${PODS_ROOT}/Manifest.lock\" > /dev/null\nif [ $? != 0 ] ; then\n    # print error to STDERR\n    echo \"error: The sandbox is not in sync with the Podfile.lock. Run 'pod install' or update your CocoaPods installation.\" >&2\n    exit 1\nfi\n";
			showEnvVarsInLog = 0;
		};
		3CA3ADC0A359A1C595136C2D /* [CP] Copy Pods Resources */ = {
			isa = PBXShellScriptBuildPhase;
			buildActionMask = 2147483647;
			files = (
			);
			inputPaths = (
			);
			name = "[CP] Copy Pods Resources";
			outputPaths = (
			);
			runOnlyForDeploymentPostprocessing = 0;
			shellPath = /bin/sh;
			shellScript = "\"${SRCROOT}/../InstagramApp/Pods/Target Support Files/Pods-InstagramDataTests/Pods-InstagramDataTests-resources.sh\"\n";
			showEnvVarsInLog = 0;
		};
		84C8C2622701BE1DC287868C /* [CP] Check Pods Manifest.lock */ = {
			isa = PBXShellScriptBuildPhase;
			buildActionMask = 2147483647;
			files = (
			);
			inputPaths = (
			);
			name = "[CP] Check Pods Manifest.lock";
			outputPaths = (
			);
			runOnlyForDeploymentPostprocessing = 0;
			shellPath = /bin/sh;
			shellScript = "diff \"${PODS_ROOT}/../Podfile.lock\" \"${PODS_ROOT}/Manifest.lock\" > /dev/null\nif [ $? != 0 ] ; then\n    # print error to STDERR\n    echo \"error: The sandbox is not in sync with the Podfile.lock. Run 'pod install' or update your CocoaPods installation.\" >&2\n    exit 1\nfi\n";
			showEnvVarsInLog = 0;
		};
		C951EE9D2662311D6CBC22AF /* [CP] Copy Pods Resources */ = {
			isa = PBXShellScriptBuildPhase;
			buildActionMask = 2147483647;
			files = (
			);
			inputPaths = (
			);
			name = "[CP] Copy Pods Resources";
			outputPaths = (
			);
			runOnlyForDeploymentPostprocessing = 0;
			shellPath = /bin/sh;
			shellScript = "\"${SRCROOT}/../InstagramApp/Pods/Target Support Files/Pods-InstagramData/Pods-InstagramData-resources.sh\"\n";
			showEnvVarsInLog = 0;
		};
		DA26B304761E914FBCE2288F /* [CP] Embed Pods Frameworks */ = {
			isa = PBXShellScriptBuildPhase;
			buildActionMask = 2147483647;
			files = (
			);
			inputPaths = (
			);
			name = "[CP] Embed Pods Frameworks";
			outputPaths = (
			);
			runOnlyForDeploymentPostprocessing = 0;
			shellPath = /bin/sh;
			shellScript = "\"${SRCROOT}/../InstagramApp/Pods/Target Support Files/Pods-InstagramDataTests/Pods-InstagramDataTests-frameworks.sh\"\n";
			showEnvVarsInLog = 0;
		};
/* End PBXShellScriptBuildPhase section */

/* Begin PBXSourcesBuildPhase section */
		B50AD9981E119C9D00F46119 /* Sources */ = {
			isa = PBXSourcesBuildPhase;
			buildActionMask = 2147483647;
			files = (
				B506A0941E142B1400EEA147 /* SwiftyJSONDate.swift in Sources */,
				B51D7B381E15E66E00DF5599 /* AuthManager.swift in Sources */,
				B53693331E15502D000246A7 /* APICommunicator.swift in Sources */,
				B506A08E1E14291600EEA147 /* Media.swift in Sources */,
				B506A0961E142D6300EEA147 /* SwiftyJSONDimensions.swift in Sources */,
				B50AD9E51E14123A00F46119 /* User.swift in Sources */,
				B51D7B341E15E60E00DF5599 /* APIConnection.swift in Sources */,
				B51D7B2D1E15E5B000DF5599 /* APIResponse.swift in Sources */,
				B51D7B321E15E5F100DF5599 /* APIConnectionRequestBuilder.swift in Sources */,
				B53693281E144637000246A7 /* UserFetcher.swift in Sources */,
				B51D7B3A1E15E6A800DF5599 /* InstagramData.swift in Sources */,
				B51D7B401E15F04200DF5599 /* FeedManager.swift in Sources */,
				B51D7B301E15E5D200DF5599 /* HTTPConnection.swift in Sources */,
				B506A0981E14344600EEA147 /* SwiftyJSONURL.swift in Sources */,
			);
			runOnlyForDeploymentPostprocessing = 0;
		};
		B50AD9A21E119C9D00F46119 /* Sources */ = {
			isa = PBXSourcesBuildPhase;
			buildActionMask = 2147483647;
			files = (
				B54EBEAD1E168554001BB53C /* SwiftyJSONURLTests.swift in Sources */,
				B54EBEA81E167D4E001BB53C /* SwiftyJSONDateTests.swift in Sources */,
				B54EBEBC1E16B660001BB53C /* MockAPIConnection.swift in Sources */,
				B54EBEBA1E16B63C001BB53C /* APICommunicatorTests.swift in Sources */,
				B506A0921E14294300EEA147 /* MediaTests.swift in Sources */,
				B54EBEAF1E1687D9001BB53C /* APIResponseTests.swift in Sources */,
				B54EBEB81E1697CD001BB53C /* APIConnectionTests.swift in Sources */,
				B54EBEB21E168B73001BB53C /* MockURLSession.swift in Sources */,
				B54EBEAB1E168110001BB53C /* SwiftyJSONDimensionsTests.swift in Sources */,
				B506A08A1E14252500EEA147 /* UserTests.swift in Sources */,
				B54EBEB61E16953B001BB53C /* APIConnectionRequestBuilderTests.swift in Sources */,
				B54EBEB41E168CA7001BB53C /* HTTPConnectionTests.swift in Sources */,
			);
			runOnlyForDeploymentPostprocessing = 0;
		};
/* End PBXSourcesBuildPhase section */

/* Begin PBXTargetDependency section */
		B50AD9A91E119C9D00F46119 /* PBXTargetDependency */ = {
			isa = PBXTargetDependency;
			target = B50AD99C1E119C9D00F46119 /* InstagramData */;
			targetProxy = B50AD9A81E119C9D00F46119 /* PBXContainerItemProxy */;
		};
		B53693031E1438E3000246A7 /* PBXTargetDependency */ = {
			isa = PBXTargetDependency;
			name = SwiftToolbox;
			targetProxy = B53693021E1438E3000246A7 /* PBXContainerItemProxy */;
		};
/* End PBXTargetDependency section */

/* Begin XCBuildConfiguration section */
		B50AD9AF1E119C9D00F46119 /* Debug */ = {
			isa = XCBuildConfiguration;
			buildSettings = {
				ALWAYS_SEARCH_USER_PATHS = NO;
				CLANG_ANALYZER_NONNULL = YES;
				CLANG_CXX_LANGUAGE_STANDARD = "gnu++0x";
				CLANG_CXX_LIBRARY = "libc++";
				CLANG_ENABLE_MODULES = YES;
				CLANG_ENABLE_OBJC_ARC = YES;
				CLANG_WARN_BOOL_CONVERSION = YES;
				CLANG_WARN_CONSTANT_CONVERSION = YES;
				CLANG_WARN_DIRECT_OBJC_ISA_USAGE = YES_ERROR;
				CLANG_WARN_DOCUMENTATION_COMMENTS = YES;
				CLANG_WARN_EMPTY_BODY = YES;
				CLANG_WARN_ENUM_CONVERSION = YES;
				CLANG_WARN_INFINITE_RECURSION = YES;
				CLANG_WARN_INT_CONVERSION = YES;
				CLANG_WARN_OBJC_ROOT_CLASS = YES_ERROR;
				CLANG_WARN_SUSPICIOUS_MOVE = YES;
				CLANG_WARN_UNREACHABLE_CODE = YES;
				CLANG_WARN__DUPLICATE_METHOD_MATCH = YES;
				"CODE_SIGN_IDENTITY[sdk=iphoneos*]" = "iPhone Developer";
				COPY_PHASE_STRIP = NO;
				CURRENT_PROJECT_VERSION = 1;
				DEBUG_INFORMATION_FORMAT = dwarf;
				ENABLE_STRICT_OBJC_MSGSEND = YES;
				ENABLE_TESTABILITY = YES;
				GCC_C_LANGUAGE_STANDARD = gnu99;
				GCC_DYNAMIC_NO_PIC = NO;
				GCC_NO_COMMON_BLOCKS = YES;
				GCC_OPTIMIZATION_LEVEL = 0;
				GCC_PREPROCESSOR_DEFINITIONS = (
					"DEBUG=1",
					"$(inherited)",
				);
				GCC_WARN_64_TO_32_BIT_CONVERSION = YES;
				GCC_WARN_ABOUT_RETURN_TYPE = YES_ERROR;
				GCC_WARN_UNDECLARED_SELECTOR = YES;
				GCC_WARN_UNINITIALIZED_AUTOS = YES_AGGRESSIVE;
				GCC_WARN_UNUSED_FUNCTION = YES;
				GCC_WARN_UNUSED_VARIABLE = YES;
				IPHONEOS_DEPLOYMENT_TARGET = 10.2;
				MTL_ENABLE_DEBUG_INFO = YES;
				ONLY_ACTIVE_ARCH = YES;
				SDKROOT = iphoneos;
				SWIFT_ACTIVE_COMPILATION_CONDITIONS = DEBUG;
				SWIFT_OPTIMIZATION_LEVEL = "-Onone";
				TARGETED_DEVICE_FAMILY = "1,2";
				VERSIONING_SYSTEM = "apple-generic";
				VERSION_INFO_PREFIX = "";
			};
			name = Debug;
		};
		B50AD9B01E119C9D00F46119 /* Release */ = {
			isa = XCBuildConfiguration;
			buildSettings = {
				ALWAYS_SEARCH_USER_PATHS = NO;
				CLANG_ANALYZER_NONNULL = YES;
				CLANG_CXX_LANGUAGE_STANDARD = "gnu++0x";
				CLANG_CXX_LIBRARY = "libc++";
				CLANG_ENABLE_MODULES = YES;
				CLANG_ENABLE_OBJC_ARC = YES;
				CLANG_WARN_BOOL_CONVERSION = YES;
				CLANG_WARN_CONSTANT_CONVERSION = YES;
				CLANG_WARN_DIRECT_OBJC_ISA_USAGE = YES_ERROR;
				CLANG_WARN_DOCUMENTATION_COMMENTS = YES;
				CLANG_WARN_EMPTY_BODY = YES;
				CLANG_WARN_ENUM_CONVERSION = YES;
				CLANG_WARN_INFINITE_RECURSION = YES;
				CLANG_WARN_INT_CONVERSION = YES;
				CLANG_WARN_OBJC_ROOT_CLASS = YES_ERROR;
				CLANG_WARN_SUSPICIOUS_MOVE = YES;
				CLANG_WARN_UNREACHABLE_CODE = YES;
				CLANG_WARN__DUPLICATE_METHOD_MATCH = YES;
				"CODE_SIGN_IDENTITY[sdk=iphoneos*]" = "iPhone Developer";
				COPY_PHASE_STRIP = NO;
				CURRENT_PROJECT_VERSION = 1;
				DEBUG_INFORMATION_FORMAT = "dwarf-with-dsym";
				ENABLE_NS_ASSERTIONS = NO;
				ENABLE_STRICT_OBJC_MSGSEND = YES;
				GCC_C_LANGUAGE_STANDARD = gnu99;
				GCC_NO_COMMON_BLOCKS = YES;
				GCC_WARN_64_TO_32_BIT_CONVERSION = YES;
				GCC_WARN_ABOUT_RETURN_TYPE = YES_ERROR;
				GCC_WARN_UNDECLARED_SELECTOR = YES;
				GCC_WARN_UNINITIALIZED_AUTOS = YES_AGGRESSIVE;
				GCC_WARN_UNUSED_FUNCTION = YES;
				GCC_WARN_UNUSED_VARIABLE = YES;
				IPHONEOS_DEPLOYMENT_TARGET = 10.2;
				MTL_ENABLE_DEBUG_INFO = NO;
				SDKROOT = iphoneos;
				SWIFT_OPTIMIZATION_LEVEL = "-Owholemodule";
				TARGETED_DEVICE_FAMILY = "1,2";
				VALIDATE_PRODUCT = YES;
				VERSIONING_SYSTEM = "apple-generic";
				VERSION_INFO_PREFIX = "";
			};
			name = Release;
		};
		B50AD9B21E119C9D00F46119 /* Debug */ = {
			isa = XCBuildConfiguration;
			baseConfigurationReference = B70CF493509CE7EF3CA3F4A2 /* Pods-InstagramData.debug.xcconfig */;
			buildSettings = {
				CLANG_ENABLE_MODULES = YES;
				CODE_SIGN_IDENTITY = "";
				DEFINES_MODULE = YES;
				DEVELOPMENT_TEAM = 5XMV2GP24E;
				DYLIB_COMPATIBILITY_VERSION = 1;
				DYLIB_CURRENT_VERSION = 1;
				DYLIB_INSTALL_NAME_BASE = "@rpath";
				INFOPLIST_FILE = InstagramData/Info.plist;
				INSTALL_PATH = "$(LOCAL_LIBRARY_DIR)/Frameworks";
				LD_RUNPATH_SEARCH_PATHS = "$(inherited) @executable_path/Frameworks @loader_path/Frameworks";
				PRODUCT_BUNDLE_IDENTIFIER = uk.co.bendavisapps.InstagramData;
				PRODUCT_NAME = "$(TARGET_NAME)";
				SKIP_INSTALL = YES;
				SWIFT_OPTIMIZATION_LEVEL = "-Onone";
				SWIFT_VERSION = 3.0;
			};
			name = Debug;
		};
		B50AD9B31E119C9D00F46119 /* Release */ = {
			isa = XCBuildConfiguration;
			baseConfigurationReference = 4F4CDD49E24E970BDC914213 /* Pods-InstagramData.release.xcconfig */;
			buildSettings = {
				CLANG_ENABLE_MODULES = YES;
				CODE_SIGN_IDENTITY = "";
				DEFINES_MODULE = YES;
				DEVELOPMENT_TEAM = 5XMV2GP24E;
				DYLIB_COMPATIBILITY_VERSION = 1;
				DYLIB_CURRENT_VERSION = 1;
				DYLIB_INSTALL_NAME_BASE = "@rpath";
				INFOPLIST_FILE = InstagramData/Info.plist;
				INSTALL_PATH = "$(LOCAL_LIBRARY_DIR)/Frameworks";
				LD_RUNPATH_SEARCH_PATHS = "$(inherited) @executable_path/Frameworks @loader_path/Frameworks";
				PRODUCT_BUNDLE_IDENTIFIER = uk.co.bendavisapps.InstagramData;
				PRODUCT_NAME = "$(TARGET_NAME)";
				SKIP_INSTALL = YES;
				SWIFT_VERSION = 3.0;
			};
			name = Release;
		};
		B50AD9B51E119C9D00F46119 /* Debug */ = {
			isa = XCBuildConfiguration;
			baseConfigurationReference = E084B2E333B307E0B0489C2A /* Pods-InstagramDataTests.debug.xcconfig */;
			buildSettings = {
				CLANG_ENABLE_MODULES = YES;
				DEVELOPMENT_TEAM = 5XMV2GP24E;
				INFOPLIST_FILE = InstagramDataTests/Info.plist;
				LD_RUNPATH_SEARCH_PATHS = "$(inherited) @executable_path/Frameworks @loader_path/Frameworks";
				PRODUCT_BUNDLE_IDENTIFIER = uk.co.bendavisapps.InstagramDataTests;
				PRODUCT_NAME = "$(TARGET_NAME)";
				SWIFT_OBJC_BRIDGING_HEADER = "InstagramDataTests/InstagramDataTests-Bridging-Header.h";
				SWIFT_OPTIMIZATION_LEVEL = "-Onone";
				SWIFT_VERSION = 3.0;
			};
			name = Debug;
		};
		B50AD9B61E119C9D00F46119 /* Release */ = {
			isa = XCBuildConfiguration;
			baseConfigurationReference = F9C15D4746385A879DC34375 /* Pods-InstagramDataTests.release.xcconfig */;
			buildSettings = {
				CLANG_ENABLE_MODULES = YES;
				DEVELOPMENT_TEAM = 5XMV2GP24E;
				INFOPLIST_FILE = InstagramDataTests/Info.plist;
				LD_RUNPATH_SEARCH_PATHS = "$(inherited) @executable_path/Frameworks @loader_path/Frameworks";
				PRODUCT_BUNDLE_IDENTIFIER = uk.co.bendavisapps.InstagramDataTests;
				PRODUCT_NAME = "$(TARGET_NAME)";
				SWIFT_OBJC_BRIDGING_HEADER = "InstagramDataTests/InstagramDataTests-Bridging-Header.h";
				SWIFT_VERSION = 3.0;
			};
			name = Release;
		};
/* End XCBuildConfiguration section */

/* Begin XCConfigurationList section */
		B50AD9971E119C9D00F46119 /* Build configuration list for PBXProject "InstagramData" */ = {
			isa = XCConfigurationList;
			buildConfigurations = (
				B50AD9AF1E119C9D00F46119 /* Debug */,
				B50AD9B01E119C9D00F46119 /* Release */,
			);
			defaultConfigurationIsVisible = 0;
			defaultConfigurationName = Release;
		};
		B50AD9B11E119C9D00F46119 /* Build configuration list for PBXNativeTarget "InstagramData" */ = {
			isa = XCConfigurationList;
			buildConfigurations = (
				B50AD9B21E119C9D00F46119 /* Debug */,
				B50AD9B31E119C9D00F46119 /* Release */,
			);
			defaultConfigurationIsVisible = 0;
			defaultConfigurationName = Release;
		};
		B50AD9B41E119C9D00F46119 /* Build configuration list for PBXNativeTarget "InstagramDataTests" */ = {
			isa = XCConfigurationList;
			buildConfigurations = (
				B50AD9B51E119C9D00F46119 /* Debug */,
				B50AD9B61E119C9D00F46119 /* Release */,
			);
			defaultConfigurationIsVisible = 0;
			defaultConfigurationName = Release;
		};
/* End XCConfigurationList section */
	};
	rootObject = B50AD9941E119C9D00F46119 /* Project object */;
}
